<?xml version="1.0" encoding="utf-8"?>
<Project ToolsVersion="4.0" xmlns="http://schemas.microsoft.com/developer/msbuild/2003">
  <ItemGroup>
    <Filter Include="소스 파일">
      <UniqueIdentifier>{4FC737F1-C7A5-4376-A066-2A32D752A2FF}</UniqueIdentifier>
      <Extensions>cpp;c;cc;cxx;def;odl;idl;hpj;bat;asm;asmx</Extensions>
    </Filter>
    <Filter Include="헤더 파일">
      <UniqueIdentifier>{93995380-89BD-4b04-88EB-625FBE52EBFB}</UniqueIdentifier>
      <Extensions>h;hh;hpp;hxx;hm;inl;inc;xsd</Extensions>
    </Filter>
    <Filter Include="리소스 파일">
      <UniqueIdentifier>{67DA6AB6-F800-4c08-8B7A-83BB121AAD01}</UniqueIdentifier>
      <Extensions>rc;ico;cur;bmp;dlg;rc2;rct;bin;rgs;gif;jpg;jpeg;jpe;resx;tiff;tif;png;wav;mfcribbon-ms</Extensions>
    </Filter>
    <Filter Include="소스 파일\1726_로봇">
      <UniqueIdentifier>{e3898057-f914-4157-995e-5c6a8241e0fd}</UniqueIdentifier>
    </Filter>
    <Filter Include="소스 파일\1938_통나무옮기기">
      <UniqueIdentifier>{bb07ff7b-d76a-4a17-9674-7ba5f7a7c599}</UniqueIdentifier>
    </Filter>
    <Filter Include="소스 파일\15686_치킨배달">
      <UniqueIdentifier>{0313d445-7ed8-4949-8800-5bcf8620fd36}</UniqueIdentifier>
    </Filter>
    <Filter Include="소스 파일\11724_연결요소개수">
      <UniqueIdentifier>{54e5303b-6db6-4021-a96b-f26e3e0b2d34}</UniqueIdentifier>
    </Filter>
    <Filter Include="소스 파일\1021_회전하는큐">
      <UniqueIdentifier>{48eb089c-353b-4761-b240-2de46aff3340}</UniqueIdentifier>
    </Filter>
    <Filter Include="소스 파일\15685_드래곤커브">
      <UniqueIdentifier>{d9328555-a716-4047-9fc6-d246299adb92}</UniqueIdentifier>
    </Filter>
  </ItemGroup>
  <ItemGroup>
    <ClCompile Include="11049.cpp">
      <Filter>소스 파일</Filter>
    </ClCompile>
    <ClCompile Include="1520.cpp">
      <Filter>소스 파일</Filter>
    </ClCompile>
    <ClCompile Include="1912.cpp">
      <Filter>소스 파일</Filter>
    </ClCompile>
    <ClCompile Include="9461.cpp">
      <Filter>소스 파일</Filter>
    </ClCompile>
    <ClCompile Include="11060.cpp">
      <Filter>소스 파일</Filter>
    </ClCompile>
    <ClCompile Include="1915.cpp">
      <Filter>소스 파일</Filter>
    </ClCompile>
    <ClCompile Include="1126.cpp">
      <Filter>소스 파일</Filter>
    </ClCompile>
    <ClCompile Include="13460.cpp">
      <Filter>소스 파일</Filter>
    </ClCompile>
    <ClCompile Include="1149.cpp">
      <Filter>소스 파일</Filter>
    </ClCompile>
    <ClCompile Include="1019.cpp">
      <Filter>소스 파일</Filter>
    </ClCompile>
    <ClCompile Include="1260.cpp">
      <Filter>소스 파일</Filter>
    </ClCompile>
    <ClCompile Include="2178.cpp">
      <Filter>소스 파일</Filter>
    </ClCompile>
    <ClCompile Include="1475.cpp">
      <Filter>소스 파일</Filter>
    </ClCompile>
    <ClCompile Include="1934.cpp">
      <Filter>소스 파일</Filter>
    </ClCompile>
    <ClCompile Include="1708.cpp">
      <Filter>소스 파일</Filter>
    </ClCompile>
    <ClCompile Include="1780.cpp">
      <Filter>소스 파일</Filter>
    </ClCompile>
    <ClCompile Include="1931.cpp">
      <Filter>소스 파일</Filter>
    </ClCompile>
    <ClCompile Include="9251.cpp">
      <Filter>소스 파일</Filter>
    </ClCompile>
    <ClCompile Include="1652.cpp">
      <Filter>소스 파일</Filter>
    </ClCompile>
    <ClCompile Include="2749.cpp">
      <Filter>소스 파일</Filter>
    </ClCompile>
    <ClCompile Include="10026.cpp">
      <Filter>소스 파일</Filter>
    </ClCompile>
    <ClCompile Include="1600.cpp">
      <Filter>소스 파일</Filter>
    </ClCompile>
    <ClCompile Include="1021.cpp">
      <Filter>소스 파일\1021_회전하는큐</Filter>
    </ClCompile>
    <ClCompile Include="1726_로봇\1726_로봇.cpp">
      <Filter>소스 파일\1726_로봇</Filter>
    </ClCompile>
    <ClCompile Include="1938_통나무옮기기\1938_통나무옮기기.cpp">
      <Filter>소스 파일\1938_통나무옮기기</Filter>
    </ClCompile>
    <ClCompile Include="11724_연결요소개수\11724_연결요수개수.cpp">
      <Filter>소스 파일</Filter>
    </ClCompile>
    <ClCompile Include="15685_드래곤커브\15685.cpp">
      <Filter>소스 파일</Filter>
    </ClCompile>
    <ClCompile Include="9466_텀프로젝트\9466.cpp">
      <Filter>소스 파일</Filter>
    </ClCompile>
    <ClCompile Include="2618_경찰차\2618.cpp">
      <Filter>소스 파일</Filter>
    </ClCompile>
    <ClCompile Include="11047_동전0\11047.cpp">
      <Filter>소스 파일</Filter>
    </ClCompile>
    <ClCompile Include="2293_동전1\2293.cpp">
      <Filter>소스 파일</Filter>
    </ClCompile>
    <ClCompile Include="2294_동전2\2294.cpp">
      <Filter>소스 파일</Filter>
    </ClCompile>
    <ClCompile Include="Line_2018\5.cpp">
      <Filter>소스 파일</Filter>
    </ClCompile>
    <ClCompile Include="2251_물통\2251.cpp">
      <Filter>소스 파일</Filter>
    </ClCompile>
    <ClCompile Include="2309_일곱난쟁이\2309.cpp">
      <Filter>소스 파일</Filter>
    </ClCompile>
    <ClCompile Include="4991_로봇청소기\4991.cpp">
      <Filter>소스 파일</Filter>
    </ClCompile>
    <ClCompile Include="9252_LCS2\9252.cpp">
      <Filter>소스 파일</Filter>
    </ClCompile>
  </ItemGroup>
  <ItemGroup>
    <None Include="2618_경찰차\경찰차_2618.md" />
    <None Include="2309_일곱난쟁이\README.md" />
    <None Include="4991_로봇청소기\README.md" />
    <None Include="2251_물통\README.md" />
    <None Include="2293_동전1\README.md" />
    <None Include="2294_동전2\README.md" />
    <None Include="9466_텀프로젝트\README.md" />
    <None Include="11047_동전0\README.md" />
    <None Include="15685_드래곤커브\README.md" />
    <None Include="9252_LCS2\README.md" />
  </ItemGroup>
</Project>